
Microsoft Visual Studio Solution File, Format Version 12.00
# Visual Studio 2012
Project("{FAE04EC0-301F-11D3-BF4B-00C04F79EFBC}") = "ReactDemo", "ReactDemo\ReactDemo.csproj", "{176ACF68-D184-4E46-B88A-9AAD25665CEE}"
EndProject
Global
	GlobalSection(SolutionConfigurationPlatforms) = preSolution
		Debug|Any CPU = Debug|Any CPU
		Release|Any CPU = Release|Any CPU
	EndGlobalSection
	GlobalSection(ProjectConfigurationPlatforms) = postSolution
		{176ACF68-D184-4E46-B88A-9AAD25665CEE}.Debug|Any CPU.ActiveCfg = Debug|Any CPU
		{176ACF68-D184-4E46-B88A-9AAD25665CEE}.Debug|Any CPU.Build.0 = Debug|Any CPU
		{176ACF68-D184-4E46-B88A-9AAD25665CEE}.Release|Any CPU.ActiveCfg = Release|Any CPU
		{176ACF68-D184-4E46-B88A-9AAD25665CEE}.Release|Any CPU.Build.0 = Release|Any CPU
	EndGlobalSection
	GlobalSection(SolutionProperties) = preSolution
		HideSolutionNode = FALSE
	EndGlobalSection
EndGlobal
